
Microsoft Visual Studio Solution File, Format Version 12.00
# Visual Studio Version 17
VisualStudioVersion = 17.9.34622.214
MinimumVisualStudioVersion = 10.0.40219.1
Project("{FAE04EC0-301F-11D3-BF4B-00C04F79EFBC}") = "LAB1", "LAB1\LAB1.csproj", "{B4B5C170-F403-4D2F-9E15-5EF92A7FA553}"
EndProject
Global
	GlobalSection(SolutionConfigurationPlatforms) = preSolution
		Debug|Any CPU = Debug|Any CPU
		Release|Any CPU = Release|Any CPU
	EndGlobalSection
	GlobalSection(ProjectConfigurationPlatforms) = postSolution
		{B4B5C170-F403-4D2F-9E15-5EF92A7FA553}.Debug|Any CPU.ActiveCfg = Debug|Any CPU
		{B4B5C170-F403-4D2F-9E15-5EF92A7FA553}.Debug|Any CPU.Build.0 = Debug|Any CPU
		{B4B5C170-F403-4D2F-9E15-5EF92A7FA553}.Release|Any CPU.ActiveCfg = Release|Any CPU
		{B4B5C170-F403-4D2F-9E15-5EF92A7FA553}.Release|Any CPU.Build.0 = Release|Any CPU
	EndGlobalSection
	GlobalSection(SolutionProperties) = preSolution
		HideSolutionNode = FALSE
	EndGlobalSection
	GlobalSection(ExtensibilityGlobals) = postSolution
		SolutionGuid = {E6ECE144-8311-456B-A3DF-ED4ADD16C4C1}
	EndGlobalSection
EndGlobal
